{
  "name": "gitxplain",
  "version": "0.1.0",
  "lockfileVersion": 3,
  "requires": true,
  "packages": {
    "": {
      "name": "gitxplain",
      "version": "0.1.0",
      "license": "MIT",
      "dependencies": {
        "gitxplain": "^0.1.0"
      },
      "bin": {
        "gitxplain": "cli/index.js"
      }
    },
    "node_modules/gitxplain": {
      "version": "0.1.0",
      "resolved": "https://registry.npmjs.org/gitxplain/-/gitxplain-0.1.0.tgz",
      "integrity": "sha512-Lh4GSWlK2xjU5LEjfjTnJmqNpsu7GK5eROIdhn0F6gm6zrY3Q1iNFqHvgyMXM4x024H1e+HRyx8YVRhxxnkpUg==",
      "license": "MIT",
      "bin": {
        "gitxplain": "cli/index.js"
      }
    }
  }
}
