{
  "name": "gitxplain",
  "version": "0.1.10",
  "lockfileVersion": 3,
  "requires": true,
  "packages": {
    "": {
      "name": "gitxplain",
      "version": "0.1.10",
      "license": "MIT",
      "bin": {
        "gitxplain": "cli/index.js",
        "gitxplore": "cli/index.js"
      }
    }
  }
}
